
Microsoft Visual Studio Solution File, Format Version 12.00
# Visual Studio Version 16
VisualStudioVersion = 16.0.31205.134
MinimumVisualStudioVersion = 10.0.40219.1
Project("{9A19103F-16F7-4668-BE54-9A1E7A4F7556}") = "BookAPI", "WebApplicationPractice\BookAPI.csproj", "{F921EA66-790F-4FE3-8B71-252F1198E876}"
EndProject
Global
	GlobalSection(SolutionConfigurationPlatforms) = preSolution
		Debug|Any CPU = Debug|Any CPU
		Release|Any CPU = Release|Any CPU
	EndGlobalSection
	GlobalSection(ProjectConfigurationPlatforms) = postSolution
		{F921EA66-790F-4FE3-8B71-252F1198E876}.Debug|Any CPU.ActiveCfg = Debug|Any CPU
		{F921EA66-790F-4FE3-8B71-252F1198E876}.Debug|Any CPU.Build.0 = Debug|Any CPU
		{F921EA66-790F-4FE3-8B71-252F1198E876}.Release|Any CPU.ActiveCfg = Release|Any CPU
		{F921EA66-790F-4FE3-8B71-252F1198E876}.Release|Any CPU.Build.0 = Release|Any CPU
	EndGlobalSection
	GlobalSection(SolutionProperties) = preSolution
		HideSolutionNode = FALSE
	EndGlobalSection
	GlobalSection(ExtensibilityGlobals) = postSolution
		SolutionGuid = {E4F76324-6993-4A0D-9B3B-E4508B94F77C}
	EndGlobalSection
EndGlobal
